# THIS IS AN AUTOGENERATED FILE. DO NOT EDIT THIS FILE DIRECTLY.
# yarn lockfile v1


"@kenrick95/repo-tagged-caret@^1.0.0--echo.42":
  version "1.0.0--echo.42"
  resolved "https://registry.yarnpkg.com/@kenrick95/repo-tagged-caret/-/repo-tagged-caret-1.0.0--echo.42.tgz#51e0097537b31a9d9ad2695fafdf7a51b9a5d2ae"
  integrity sha512-hUAZIAJRu13FJ6POwJ7HpWp77U2gy1YRQY9HQFOBAGefAXI0c+kawiw3yMMZc42/XSR1K5X4y2Ra5xE5aRbTaQ==
